# This file is autogenerated, do not edit; changes may be undone by the next 'dep ensure'.


[[projects]]
  digest = "1:a2c1d0e43bd3baaa071d1b9ed72c27d78169b2b269f71c105ac4ba34b1be4a39"
  name = "github.com/davecgh/go-spew"
  packages = ["spew"]
  pruneopts = "UT"
  revision = "346938d642f2ec3594ed81d874461961cd0faa76"
  version = "v1.1.0"

[[projects]]
  branch = "master"
  digest = "1:b60b60f62195215fa8e2b21d1aa3aa0c76617ec6beb87960b1c6e3fc434d6c47"
  name = "github.com/shurcooL/githubql"
  packages = ["."]
  pruneopts = "UT"
  revision = "d8297a7d5a840a2105de3f27796a6876d03b5da1"

[[projects]]
  branch = "master"
  digest = "1:ddaa79b37808fbd09a1c3f484bba6320c884664dfc25ccc5f2d7d5a82222177c"
  name = "github.com/shurcooL/go"
  packages = ["ctxhttp"]
  pruneopts = "UT"
  revision = "47fa5b7ceee66c60ac3a281416089035bf526a3c"

[[projects]]
  branch = "master"
  digest = "1:8eed27763c184921543caabbdaacf5f20ca762ad714ac8cbb83f661aea0c4ced"
  name = "github.com/shurcooL/graphql"
  packages = [
    ".",
    "ident",
    "internal/jsonutil",
  ]
  pruneopts = "UT"
  revision = "3d276b9dcc6b1e0adf19557a8de5cb8632c07697"

[[projects]]
  digest = "1:342378ac4dcb378a5448dd723f0784ae519383532f5e70ade24132c4c8693202"
  name = "gopkg.in/yaml.v2"
  packages = ["."]
  pruneopts = "UT"
  revision = "5420a8b6744d3b0345ab293f6fcba19c978f1183"
  version = "v2.2.1"

[solve-meta]
  analyzer-name = "dep"
  analyzer-version = 1
  input-imports = [
    "github.com/davecgh/go-spew/spew",
    "github.com/shurcooL/githubql",
    "gopkg.in/yaml.v2",
  ]
  solver-name = "gps-cdcl"
  solver-version = 1
